
Microsoft Visual Studio Solution File, Format Version 12.00
# Visual Studio Version 16
VisualStudioVersion = 16.0.32126.315
MinimumVisualStudioVersion = 10.0.40219.1
Project("{FAE04EC0-301F-11D3-BF4B-00C04F79EFBC}") = "ARES.UPDATER", "ARES.UPDATER\ARES.UPDATER.csproj", "{B4B762F5-5F91-4F7B-BDBA-856C702095A2}"
EndProject
Global
	GlobalSection(SolutionConfigurationPlatforms) = preSolution
		Debug|Any CPU = Debug|Any CPU
		Release|Any CPU = Release|Any CPU
	EndGlobalSection
	GlobalSection(ProjectConfigurationPlatforms) = postSolution
		{B4B762F5-5F91-4F7B-BDBA-856C702095A2}.Debug|Any CPU.ActiveCfg = Debug|Any CPU
		{B4B762F5-5F91-4F7B-BDBA-856C702095A2}.Debug|Any CPU.Build.0 = Debug|Any CPU
		{B4B762F5-5F91-4F7B-BDBA-856C702095A2}.Release|Any CPU.ActiveCfg = Release|Any CPU
		{B4B762F5-5F91-4F7B-BDBA-856C702095A2}.Release|Any CPU.Build.0 = Release|Any CPU
	EndGlobalSection
	GlobalSection(SolutionProperties) = preSolution
		HideSolutionNode = FALSE
	EndGlobalSection
	GlobalSection(ExtensibilityGlobals) = postSolution
		SolutionGuid = {59CA8053-4BCE-421C-BA6A-9603E99EE673}
	EndGlobalSection
EndGlobal
