
Microsoft Visual Studio Solution File, Format Version 12.00
# Visual Studio Version 16
VisualStudioVersion = 16.0.30717.126
MinimumVisualStudioVersion = 10.0.40219.1
Project("{FAE04EC0-301F-11D3-BF4B-00C04F79EFBC}") = "AvatarLoger", "AvatarLoger.csproj", "{92AD6C2F-7ABB-4871-BDFF-B724D4025BF6}"
EndProject
Global
	GlobalSection(SolutionConfigurationPlatforms) = preSolution
		Debug|Any CPU = Debug|Any CPU
		Release|Any CPU = Release|Any CPU
	EndGlobalSection
	GlobalSection(ProjectConfigurationPlatforms) = postSolution
		{92AD6C2F-7ABB-4871-BDFF-B724D4025BF6}.Debug|Any CPU.ActiveCfg = Debug|Any CPU
		{92AD6C2F-7ABB-4871-BDFF-B724D4025BF6}.Debug|Any CPU.Build.0 = Debug|Any CPU
		{92AD6C2F-7ABB-4871-BDFF-B724D4025BF6}.Release|Any CPU.ActiveCfg = Release|Any CPU
		{92AD6C2F-7ABB-4871-BDFF-B724D4025BF6}.Release|Any CPU.Build.0 = Release|Any CPU
	EndGlobalSection
	GlobalSection(SolutionProperties) = preSolution
		HideSolutionNode = FALSE
	EndGlobalSection
	GlobalSection(ExtensibilityGlobals) = postSolution
		SolutionGuid = {9B55D41D-C1BC-46A3-8BE5-5A2E29D9D54F}
	EndGlobalSection
EndGlobal
